
Microsoft Visual Studio Solution File, Format Version 12.00
# Visual Studio 15
VisualStudioVersion = 15.0.28307.572
MinimumVisualStudioVersion = 10.0.40219.1
Project("{9A19103F-16F7-4668-BE54-9A1E7A4F7556}") = "WebStore", "WebStore\WebStore.csproj", "{CAB5759B-F0EB-421E-B913-76E6ADF7B521}"
EndProject
Project("{9A19103F-16F7-4668-BE54-9A1E7A4F7556}") = "WebStore.DomainNew", "WebStore.DomainNew\WebStore.DomainNew.csproj", "{C1E5498F-06C5-46BB-BC9F-70E1222473C9}"
EndProject
Project("{9A19103F-16F7-4668-BE54-9A1E7A4F7556}") = "WebStore.DAL", "WebStore.DAL\WebStore.DAL.csproj", "{07B0FA99-441C-415D-BDA0-854B8019F67F}"
EndProject
Global
	GlobalSection(SolutionConfigurationPlatforms) = preSolution
		Debug|Any CPU = Debug|Any CPU
		Release|Any CPU = Release|Any CPU
	EndGlobalSection
	GlobalSection(ProjectConfigurationPlatforms) = postSolution
		{CAB5759B-F0EB-421E-B913-76E6ADF7B521}.Debug|Any CPU.ActiveCfg = Debug|Any CPU
		{CAB5759B-F0EB-421E-B913-76E6ADF7B521}.Debug|Any CPU.Build.0 = Debug|Any CPU
		{CAB5759B-F0EB-421E-B913-76E6ADF7B521}.Release|Any CPU.ActiveCfg = Release|Any CPU
		{CAB5759B-F0EB-421E-B913-76E6ADF7B521}.Release|Any CPU.Build.0 = Release|Any CPU
		{C1E5498F-06C5-46BB-BC9F-70E1222473C9}.Debug|Any CPU.ActiveCfg = Debug|Any CPU
		{C1E5498F-06C5-46BB-BC9F-70E1222473C9}.Debug|Any CPU.Build.0 = Debug|Any CPU
		{C1E5498F-06C5-46BB-BC9F-70E1222473C9}.Release|Any CPU.ActiveCfg = Release|Any CPU
		{C1E5498F-06C5-46BB-BC9F-70E1222473C9}.Release|Any CPU.Build.0 = Release|Any CPU
		{07B0FA99-441C-415D-BDA0-854B8019F67F}.Debug|Any CPU.ActiveCfg = Debug|Any CPU
		{07B0FA99-441C-415D-BDA0-854B8019F67F}.Debug|Any CPU.Build.0 = Debug|Any CPU
		{07B0FA99-441C-415D-BDA0-854B8019F67F}.Release|Any CPU.ActiveCfg = Release|Any CPU
		{07B0FA99-441C-415D-BDA0-854B8019F67F}.Release|Any CPU.Build.0 = Release|Any CPU
	EndGlobalSection
	GlobalSection(SolutionProperties) = preSolution
		HideSolutionNode = FALSE
	EndGlobalSection
	GlobalSection(ExtensibilityGlobals) = postSolution
		SolutionGuid = {4B657863-D284-46AE-9C61-8E92C3B7E916}
	EndGlobalSection
EndGlobal
